
Microsoft Visual Studio Solution File, Format Version 12.00
# Visual Studio Version 17
VisualStudioVersion = 17.5.002.0
MinimumVisualStudioVersion = 10.0.40219.1
Project("{2150E333-8FDC-42A3-9474-1A3956D46DE8}") = "csharp-prep", "csharp-prep", "{2615E0EB-F524-4278-BF05-94686CEF5258}"
EndProject
Project("{9A19103F-16F7-4668-BE54-9A1E7A4F7556}") = "Prep1", "csharp-prep\Prep1\Prep1.csproj", "{A5ECDEF4-81EA-44C6-8806-C05BB543437C}"
EndProject
Project("{9A19103F-16F7-4668-BE54-9A1E7A4F7556}") = "Prep2", "csharp-prep\Prep2\Prep2.csproj", "{7CDFFE79-8BC3-4786-8A6D-908CABA5EC1B}"
EndProject
Project("{9A19103F-16F7-4668-BE54-9A1E7A4F7556}") = "Prep3", "csharp-prep\Prep3\Prep3.csproj", "{1DD628D4-13C0-47F4-8609-EFDCF3D6A0B9}"
EndProject
Project("{9A19103F-16F7-4668-BE54-9A1E7A4F7556}") = "Prep4", "csharp-prep\Prep4\Prep4.csproj", "{6758A212-9A4A-4498-803F-8457625B8024}"
EndProject
Project("{9A19103F-16F7-4668-BE54-9A1E7A4F7556}") = "Prep5", "csharp-prep\Prep5\Prep5.csproj", "{23659FBF-328A-4E96-AD6D-009C41CAE36C}"
EndProject
Project("{2150E333-8FDC-42A3-9474-1A3956D46DE8}") = "final", "final", "{BEC52D1C-83CF-4309-9ED9-6C1620D048C4}"
EndProject
Project("{9A19103F-16F7-4668-BE54-9A1E7A4F7556}") = "FinalProject", "final\FinalProject\FinalProject.csproj", "{BC6E2221-7996-4C60-B57A-196C2A9F7B8B}"
EndProject
Project("{9A19103F-16F7-4668-BE54-9A1E7A4F7556}") = "Foundation1", "final\Foundation1\Foundation1.csproj", "{0BD6400E-929E-49B1-A017-F09D40EF95DE}"
EndProject
Project("{9A19103F-16F7-4668-BE54-9A1E7A4F7556}") = "Foundation2", "final\Foundation2\Foundation2.csproj", "{9EE3FBA2-8BEF-4EA6-AD98-5C2A3EC62EFB}"
EndProject
Project("{9A19103F-16F7-4668-BE54-9A1E7A4F7556}") = "Foundation3", "final\Foundation3\Foundation3.csproj", "{7AFB59DC-DA04-45E3-BB24-B997ABDB1E81}"
EndProject
Project("{9A19103F-16F7-4668-BE54-9A1E7A4F7556}") = "Foundation4", "final\Foundation4\Foundation4.csproj", "{E53CFD02-A197-435E-866D-8EAF9AA9F79F}"
EndProject
Project("{2150E333-8FDC-42A3-9474-1A3956D46DE8}") = "prepare", "prepare", "{BC37D8AD-4084-4DC4-9590-18DA5D262E69}"
EndProject
Project("{9A19103F-16F7-4668-BE54-9A1E7A4F7556}") = "Learning02", "prepare\Learning02\Learning02.csproj", "{32FDA0AA-342E-4A8C-8B1C-5817F7ABBE2A}"
EndProject
Project("{9A19103F-16F7-4668-BE54-9A1E7A4F7556}") = "Learning03", "prepare\Learning03\Learning03.csproj", "{06826BC9-9BC9-4316-912A-874D014F0FFA}"
EndProject
Project("{9A19103F-16F7-4668-BE54-9A1E7A4F7556}") = "Learning04", "prepare\Learning04\Learning04.csproj", "{A4CC7015-DD10-41C3-ABEB-37B192760209}"
EndProject
Project("{9A19103F-16F7-4668-BE54-9A1E7A4F7556}") = "Learning05", "prepare\Learning05\Learning05.csproj", "{02BE4C21-F9C2-48F4-A785-9362AC0A4510}"
EndProject
Project("{2150E333-8FDC-42A3-9474-1A3956D46DE8}") = "prove", "prove", "{4AD8999C-B89F-4ABA-8568-EF4BC75DDE8F}"
EndProject
Project("{9A19103F-16F7-4668-BE54-9A1E7A4F7556}") = "Develop02", "prove\Develop02\Develop02.csproj", "{C7174EE2-1DB9-4DE3-A98E-90C094904564}"
EndProject
Project("{9A19103F-16F7-4668-BE54-9A1E7A4F7556}") = "Develop03", "prove\Develop03\Develop03.csproj", "{7E2FFCDF-7142-4746-A408-1E543DA8A43F}"
EndProject
Project("{9A19103F-16F7-4668-BE54-9A1E7A4F7556}") = "Develop04", "prove\Develop04\Develop04.csproj", "{C6D73866-F9DC-4BA1-ADFA-013E83B9209C}"
EndProject
Project("{9A19103F-16F7-4668-BE54-9A1E7A4F7556}") = "Develop05", "prove\Develop05\Develop05.csproj", "{4252BD62-C4D1-4091-A3BF-D9E68D596C84}"
EndProject
Project("{2150E333-8FDC-42A3-9474-1A3956D46DE8}") = "sandbox", "sandbox", "{09843B97-ECFA-4E96-9774-3005B1A50424}"
EndProject
Project("{9A19103F-16F7-4668-BE54-9A1E7A4F7556}") = "Sandbox", "sandbox\Sandbox\Sandbox.csproj", "{75308D4E-6735-44EA-9C53-9F4F6A7C6A81}"
EndProject
Global
	GlobalSection(SolutionConfigurationPlatforms) = preSolution
		Debug|Any CPU = Debug|Any CPU
		Release|Any CPU = Release|Any CPU
	EndGlobalSection
	GlobalSection(ProjectConfigurationPlatforms) = postSolution
		{A5ECDEF4-81EA-44C6-8806-C05BB543437C}.Debug|Any CPU.ActiveCfg = Debug|Any CPU
		{A5ECDEF4-81EA-44C6-8806-C05BB543437C}.Debug|Any CPU.Build.0 = Debug|Any CPU
		{A5ECDEF4-81EA-44C6-8806-C05BB543437C}.Release|Any CPU.ActiveCfg = Release|Any CPU
		{A5ECDEF4-81EA-44C6-8806-C05BB543437C}.Release|Any CPU.Build.0 = Release|Any CPU
		{7CDFFE79-8BC3-4786-8A6D-908CABA5EC1B}.Debug|Any CPU.ActiveCfg = Debug|Any CPU
		{7CDFFE79-8BC3-4786-8A6D-908CABA5EC1B}.Debug|Any CPU.Build.0 = Debug|Any CPU
		{7CDFFE79-8BC3-4786-8A6D-908CABA5EC1B}.Release|Any CPU.ActiveCfg = Release|Any CPU
		{7CDFFE79-8BC3-4786-8A6D-908CABA5EC1B}.Release|Any CPU.Build.0 = Release|Any CPU
		{1DD628D4-13C0-47F4-8609-EFDCF3D6A0B9}.Debug|Any CPU.ActiveCfg = Debug|Any CPU
		{1DD628D4-13C0-47F4-8609-EFDCF3D6A0B9}.Debug|Any CPU.Build.0 = Debug|Any CPU
		{1DD628D4-13C0-47F4-8609-EFDCF3D6A0B9}.Release|Any CPU.ActiveCfg = Release|Any CPU
		{1DD628D4-13C0-47F4-8609-EFDCF3D6A0B9}.Release|Any CPU.Build.0 = Release|Any CPU
		{6758A212-9A4A-4498-803F-8457625B8024}.Debug|Any CPU.ActiveCfg = Debug|Any CPU
		{6758A212-9A4A-4498-803F-8457625B8024}.Debug|Any CPU.Build.0 = Debug|Any CPU
		{6758A212-9A4A-4498-803F-8457625B8024}.Release|Any CPU.ActiveCfg = Release|Any CPU
		{6758A212-9A4A-4498-803F-8457625B8024}.Release|Any CPU.Build.0 = Release|Any CPU
		{23659FBF-328A-4E96-AD6D-009C41CAE36C}.Debug|Any CPU.ActiveCfg = Debug|Any CPU
		{23659FBF-328A-4E96-AD6D-009C41CAE36C}.Debug|Any CPU.Build.0 = Debug|Any CPU
		{23659FBF-328A-4E96-AD6D-009C41CAE36C}.Release|Any CPU.ActiveCfg = Release|Any CPU
		{23659FBF-328A-4E96-AD6D-009C41CAE36C}.Release|Any CPU.Build.0 = Release|Any CPU
		{BC6E2221-7996-4C60-B57A-196C2A9F7B8B}.Debug|Any CPU.ActiveCfg = Debug|Any CPU
		{BC6E2221-7996-4C60-B57A-196C2A9F7B8B}.Debug|Any CPU.Build.0 = Debug|Any CPU
		{BC6E2221-7996-4C60-B57A-196C2A9F7B8B}.Release|Any CPU.ActiveCfg = Release|Any CPU
		{BC6E2221-7996-4C60-B57A-196C2A9F7B8B}.Release|Any CPU.Build.0 = Release|Any CPU
		{0BD6400E-929E-49B1-A017-F09D40EF95DE}.Debug|Any CPU.ActiveCfg = Debug|Any CPU
		{0BD6400E-929E-49B1-A017-F09D40EF95DE}.Debug|Any CPU.Build.0 = Debug|Any CPU
		{0BD6400E-929E-49B1-A017-F09D40EF95DE}.Release|Any CPU.ActiveCfg = Release|Any CPU
		{0BD6400E-929E-49B1-A017-F09D40EF95DE}.Release|Any CPU.Build.0 = Release|Any CPU
		{9EE3FBA2-8BEF-4EA6-AD98-5C2A3EC62EFB}.Debug|Any CPU.ActiveCfg = Debug|Any CPU
		{9EE3FBA2-8BEF-4EA6-AD98-5C2A3EC62EFB}.Debug|Any CPU.Build.0 = Debug|Any CPU
		{9EE3FBA2-8BEF-4EA6-AD98-5C2A3EC62EFB}.Release|Any CPU.ActiveCfg = Release|Any CPU
		{9EE3FBA2-8BEF-4EA6-AD98-5C2A3EC62EFB}.Release|Any CPU.Build.0 = Release|Any CPU
		{7AFB59DC-DA04-45E3-BB24-B997ABDB1E81}.Debug|Any CPU.ActiveCfg = Debug|Any CPU
		{7AFB59DC-DA04-45E3-BB24-B997ABDB1E81}.Debug|Any CPU.Build.0 = Debug|Any CPU
		{7AFB59DC-DA04-45E3-BB24-B997ABDB1E81}.Release|Any CPU.ActiveCfg = Release|Any CPU
		{7AFB59DC-DA04-45E3-BB24-B997ABDB1E81}.Release|Any CPU.Build.0 = Release|Any CPU
		{E53CFD02-A197-435E-866D-8EAF9AA9F79F}.Debug|Any CPU.ActiveCfg = Debug|Any CPU
		{E53CFD02-A197-435E-866D-8EAF9AA9F79F}.Debug|Any CPU.Build.0 = Debug|Any CPU
		{E53CFD02-A197-435E-866D-8EAF9AA9F79F}.Release|Any CPU.ActiveCfg = Release|Any CPU
		{E53CFD02-A197-435E-866D-8EAF9AA9F79F}.Release|Any CPU.Build.0 = Release|Any CPU
		{32FDA0AA-342E-4A8C-8B1C-5817F7ABBE2A}.Debug|Any CPU.ActiveCfg = Debug|Any CPU
		{32FDA0AA-342E-4A8C-8B1C-5817F7ABBE2A}.Debug|Any CPU.Build.0 = Debug|Any CPU
		{32FDA0AA-342E-4A8C-8B1C-5817F7ABBE2A}.Release|Any CPU.ActiveCfg = Release|Any CPU
		{32FDA0AA-342E-4A8C-8B1C-5817F7ABBE2A}.Release|Any CPU.Build.0 = Release|Any CPU
		{06826BC9-9BC9-4316-912A-874D014F0FFA}.Debug|Any CPU.ActiveCfg = Debug|Any CPU
		{06826BC9-9BC9-4316-912A-874D014F0FFA}.Debug|Any CPU.Build.0 = Debug|Any CPU
		{06826BC9-9BC9-4316-912A-874D014F0FFA}.Release|Any CPU.ActiveCfg = Release|Any CPU
		{06826BC9-9BC9-4316-912A-874D014F0FFA}.Release|Any CPU.Build.0 = Release|Any CPU
		{A4CC7015-DD10-41C3-ABEB-37B192760209}.Debug|Any CPU.ActiveCfg = Debug|Any CPU
		{A4CC7015-DD10-41C3-ABEB-37B192760209}.Debug|Any CPU.Build.0 = Debug|Any CPU
		{A4CC7015-DD10-41C3-ABEB-37B192760209}.Release|Any CPU.ActiveCfg = Release|Any CPU
		{A4CC7015-DD10-41C3-ABEB-37B192760209}.Release|Any CPU.Build.0 = Release|Any CPU
		{02BE4C21-F9C2-48F4-A785-9362AC0A4510}.Debug|Any CPU.ActiveCfg = Debug|Any CPU
		{02BE4C21-F9C2-48F4-A785-9362AC0A4510}.Debug|Any CPU.Build.0 = Debug|Any CPU
		{02BE4C21-F9C2-48F4-A785-9362AC0A4510}.Release|Any CPU.ActiveCfg = Release|Any CPU
		{02BE4C21-F9C2-48F4-A785-9362AC0A4510}.Release|Any CPU.Build.0 = Release|Any CPU
		{C7174EE2-1DB9-4DE3-A98E-90C094904564}.Debug|Any CPU.ActiveCfg = Debug|Any CPU
		{C7174EE2-1DB9-4DE3-A98E-90C094904564}.Debug|Any CPU.Build.0 = Debug|Any CPU
		{C7174EE2-1DB9-4DE3-A98E-90C094904564}.Release|Any CPU.ActiveCfg = Release|Any CPU
		{C7174EE2-1DB9-4DE3-A98E-90C094904564}.Release|Any CPU.Build.0 = Release|Any CPU
		{7E2FFCDF-7142-4746-A408-1E543DA8A43F}.Debug|Any CPU.ActiveCfg = Debug|Any CPU
		{7E2FFCDF-7142-4746-A408-1E543DA8A43F}.Debug|Any CPU.Build.0 = Debug|Any CPU
		{7E2FFCDF-7142-4746-A408-1E543DA8A43F}.Release|Any CPU.ActiveCfg = Release|Any CPU
		{7E2FFCDF-7142-4746-A408-1E543DA8A43F}.Release|Any CPU.Build.0 = Release|Any CPU
		{C6D73866-F9DC-4BA1-ADFA-013E83B9209C}.Debug|Any CPU.ActiveCfg = Debug|Any CPU
		{C6D73866-F9DC-4BA1-ADFA-013E83B9209C}.Debug|Any CPU.Build.0 = Debug|Any CPU
		{C6D73866-F9DC-4BA1-ADFA-013E83B9209C}.Release|Any CPU.ActiveCfg = Release|Any CPU
		{C6D73866-F9DC-4BA1-ADFA-013E83B9209C}.Release|Any CPU.Build.0 = Release|Any CPU
		{4252BD62-C4D1-4091-A3BF-D9E68D596C84}.Debug|Any CPU.ActiveCfg = Debug|Any CPU
		{4252BD62-C4D1-4091-A3BF-D9E68D596C84}.Debug|Any CPU.Build.0 = Debug|Any CPU
		{4252BD62-C4D1-4091-A3BF-D9E68D596C84}.Release|Any CPU.ActiveCfg = Release|Any CPU
		{4252BD62-C4D1-4091-A3BF-D9E68D596C84}.Release|Any CPU.Build.0 = Release|Any CPU
		{75308D4E-6735-44EA-9C53-9F4F6A7C6A81}.Debug|Any CPU.ActiveCfg = Debug|Any CPU
		{75308D4E-6735-44EA-9C53-9F4F6A7C6A81}.Debug|Any CPU.Build.0 = Debug|Any CPU
		{75308D4E-6735-44EA-9C53-9F4F6A7C6A81}.Release|Any CPU.ActiveCfg = Release|Any CPU
		{75308D4E-6735-44EA-9C53-9F4F6A7C6A81}.Release|Any CPU.Build.0 = Release|Any CPU
	EndGlobalSection
	GlobalSection(SolutionProperties) = preSolution
		HideSolutionNode = FALSE
	EndGlobalSection
	GlobalSection(NestedProjects) = preSolution
		{A5ECDEF4-81EA-44C6-8806-C05BB543437C} = {2615E0EB-F524-4278-BF05-94686CEF5258}
		{7CDFFE79-8BC3-4786-8A6D-908CABA5EC1B} = {2615E0EB-F524-4278-BF05-94686CEF5258}
		{1DD628D4-13C0-47F4-8609-EFDCF3D6A0B9} = {2615E0EB-F524-4278-BF05-94686CEF5258}
		{6758A212-9A4A-4498-803F-8457625B8024} = {2615E0EB-F524-4278-BF05-94686CEF5258}
		{23659FBF-328A-4E96-AD6D-009C41CAE36C} = {2615E0EB-F524-4278-BF05-94686CEF5258}
		{BC6E2221-7996-4C60-B57A-196C2A9F7B8B} = {BEC52D1C-83CF-4309-9ED9-6C1620D048C4}
		{0BD6400E-929E-49B1-A017-F09D40EF95DE} = {BEC52D1C-83CF-4309-9ED9-6C1620D048C4}
		{9EE3FBA2-8BEF-4EA6-AD98-5C2A3EC62EFB} = {BEC52D1C-83CF-4309-9ED9-6C1620D048C4}
		{7AFB59DC-DA04-45E3-BB24-B997ABDB1E81} = {BEC52D1C-83CF-4309-9ED9-6C1620D048C4}
		{E53CFD02-A197-435E-866D-8EAF9AA9F79F} = {BEC52D1C-83CF-4309-9ED9-6C1620D048C4}
		{32FDA0AA-342E-4A8C-8B1C-5817F7ABBE2A} = {BC37D8AD-4084-4DC4-9590-18DA5D262E69}
		{06826BC9-9BC9-4316-912A-874D014F0FFA} = {BC37D8AD-4084-4DC4-9590-18DA5D262E69}
		{A4CC7015-DD10-41C3-ABEB-37B192760209} = {BC37D8AD-4084-4DC4-9590-18DA5D262E69}
		{02BE4C21-F9C2-48F4-A785-9362AC0A4510} = {BC37D8AD-4084-4DC4-9590-18DA5D262E69}
		{C7174EE2-1DB9-4DE3-A98E-90C094904564} = {4AD8999C-B89F-4ABA-8568-EF4BC75DDE8F}
		{7E2FFCDF-7142-4746-A408-1E543DA8A43F} = {4AD8999C-B89F-4ABA-8568-EF4BC75DDE8F}
		{C6D73866-F9DC-4BA1-ADFA-013E83B9209C} = {4AD8999C-B89F-4ABA-8568-EF4BC75DDE8F}
		{4252BD62-C4D1-4091-A3BF-D9E68D596C84} = {4AD8999C-B89F-4ABA-8568-EF4BC75DDE8F}
		{75308D4E-6735-44EA-9C53-9F4F6A7C6A81} = {09843B97-ECFA-4E96-9774-3005B1A50424}
	EndGlobalSection
	GlobalSection(ExtensibilityGlobals) = postSolution
		SolutionGuid = {3166779C-E35A-43F4-A30F-E47514222A8E}
	EndGlobalSection
EndGlobal
